<?xml version="1.0" encoding="utf-8"?>
<Project ToolsVersion="4.0" xmlns="http://schemas.microsoft.com/developer/msbuild/2003">
  <ItemGroup>
    <Filter Include="Source Files">
      <UniqueIdentifier>{4FC737F1-C7A5-4376-A066-2A32D752A2FF}</UniqueIdentifier>
      <Extensions>cpp;c;cc;cxx;def;odl;idl;hpj;bat;asm;asmx</Extensions>
    </Filter>
    <Filter Include="Header Files">
      <UniqueIdentifier>{93995380-89BD-4b04-88EB-625FBE52EBFB}</UniqueIdentifier>
      <Extensions>h;hh;hpp;hxx;hm;inl;inc;ipp;xsd</Extensions>
    </Filter>
    <Filter Include="Resource Files">
      <UniqueIdentifier>{67DA6AB6-F800-4c08-8B7A-83BB121AAD01}</UniqueIdentifier>
      <Extensions>rc;ico;cur;bmp;dlg;rc2;rct;bin;rgs;gif;jpg;jpeg;jpe;resx;tiff;tif;png;wav;mfcribbon-ms</Extensions>
    </Filter>
  </ItemGroup>
  <ItemGroup>
    <ClCompile Include="Source.cpp">
      <Filter>Source Files</Filter>
    </ClCompile>
    <ClCompile Include="Mistrzostwa.cpp">
      <Filter>Source Files</Filter>
    </ClCompile>
    <ClCompile Include="Kraj.cpp">
      <Filter>Source Files</Filter>
    </ClCompile>
    <ClCompile Include="Pilkarz.cpp">
      <Filter>Source Files</Filter>
    </ClCompile>
    <ClCompile Include="Osoba.cpp">
      <Filter>Source Files</Filter>
    </ClCompile>
    <ClCompile Include="Trener.cpp">
      <Filter>Source Files</Filter>
    </ClCompile>
    <ClCompile Include="Napastnik.cpp">
      <Filter>Source Files</Filter>
    </ClCompile>
    <ClCompile Include="Obronca.cpp">
      <Filter>Source Files</Filter>
    </ClCompile>
    <ClCompile Include="Pomocnik.cpp">
      <Filter>Source Files</Filter>
    </ClCompile>
    <ClCompile Include="Bramkarz.cpp">
      <Filter>Source Files</Filter>
    </ClCompile>
    <ClCompile Include="Menu.cpp">
      <Filter>Source Files</Filter>
    </ClCompile>
    <ClCompile Include="Grupa.cpp">
      <Filter>Source Files</Filter>
    </ClCompile>
    <ClCompile Include="Statystyki.cpp">
      <Filter>Source Files</Filter>
    </ClCompile>
  </ItemGroup>
  <ItemGroup>
    <ClInclude Include="Mistrzostwa.h">
      <Filter>Header Files</Filter>
    </ClInclude>
    <ClInclude Include="Kraj.h">
      <Filter>Header Files</Filter>
    </ClInclude>
    <ClInclude Include="Pilkarz.h">
      <Filter>Header Files</Filter>
    </ClInclude>
    <ClInclude Include="Osoba.h">
      <Filter>Header Files</Filter>
    </ClInclude>
    <ClInclude Include="Trener.h">
      <Filter>Header Files</Filter>
    </ClInclude>
    <ClInclude Include="Napastnik.h">
      <Filter>Header Files</Filter>
    </ClInclude>
    <ClInclude Include="Obronca.h">
      <Filter>Header Files</Filter>
    </ClInclude>
    <ClInclude Include="Pomocnik.h">
      <Filter>Header Files</Filter>
    </ClInclude>
    <ClInclude Include="Bramkarz.h">
      <Filter>Header Files</Filter>
    </ClInclude>
    <ClInclude Include="Menu.h">
      <Filter>Header Files</Filter>
    </ClInclude>
    <ClInclude Include="Grupa.h">
      <Filter>Header Files</Filter>
    </ClInclude>
    <ClInclude Include="Statystyki.h">
      <Filter>Header Files</Filter>
    </ClInclude>
  </ItemGroup>
</Project>